{
  "originHash" : "ea2248b0c5751f5123ac5264391444cb995448e461af9ebd4b3df1d76947aae4",
  "pins" : [
    {
      "identity" : "capacitor-swift-pm",
      "kind" : "remoteSourceControl",
      "location" : "https://github.com/ionic-team/capacitor-swift-pm.git",
      "state" : {
        "revision" : "44ae2505f54a80c5e559533950886d0644fc2fca",
        "version" : "8.4.0"
      }
    }
  ],
  "version" : 3
}
